
Microsoft Visual Studio Solution File, Format Version 12.00
# Visual Studio 15
VisualStudioVersion = 15.0.28010.2041
MinimumVisualStudioVersion = 10.0.40219.1
Project("{FAE04EC0-301F-11D3-BF4B-00C04F79EFBC}") = "LogAn", "LogAn\LogAn.csproj", "{46637289-E270-46B2-815C-C680CF4A77D2}"
EndProject
Project("{FAE04EC0-301F-11D3-BF4B-00C04F79EFBC}") = "LogAn.Test", "LogAn.Test\LogAn.Test.csproj", "{C24B638E-4F3A-463A-BA45-74C9F4919D43}"
EndProject
Global
	GlobalSection(SolutionConfigurationPlatforms) = preSolution
		Debug|Any CPU = Debug|Any CPU
		Release|Any CPU = Release|Any CPU
	EndGlobalSection
	GlobalSection(ProjectConfigurationPlatforms) = postSolution
		{46637289-E270-46B2-815C-C680CF4A77D2}.Debug|Any CPU.ActiveCfg = Debug|Any CPU
		{46637289-E270-46B2-815C-C680CF4A77D2}.Debug|Any CPU.Build.0 = Debug|Any CPU
		{46637289-E270-46B2-815C-C680CF4A77D2}.Release|Any CPU.ActiveCfg = Release|Any CPU
		{46637289-E270-46B2-815C-C680CF4A77D2}.Release|Any CPU.Build.0 = Release|Any CPU
		{C24B638E-4F3A-463A-BA45-74C9F4919D43}.Debug|Any CPU.ActiveCfg = Debug|Any CPU
		{C24B638E-4F3A-463A-BA45-74C9F4919D43}.Debug|Any CPU.Build.0 = Debug|Any CPU
		{C24B638E-4F3A-463A-BA45-74C9F4919D43}.Release|Any CPU.ActiveCfg = Release|Any CPU
		{C24B638E-4F3A-463A-BA45-74C9F4919D43}.Release|Any CPU.Build.0 = Release|Any CPU
	EndGlobalSection
	GlobalSection(SolutionProperties) = preSolution
		HideSolutionNode = FALSE
	EndGlobalSection
	GlobalSection(ExtensibilityGlobals) = postSolution
		SolutionGuid = {02AF9B0C-17EF-4415-AAAE-01247DD63A88}
	EndGlobalSection
EndGlobal
